{
  "nodes": {
    "drop-nvim": {
      "flake": false,
      "locked": {
        "lastModified": 1684907256,
        "narHash": "sha256-qDgPbv6Hn6zjUHRHrh4A8c7s2hxbEofN9McgrUGIHlU=",
        "owner": "folke",
        "repo": "drop.nvim",
        "rev": "276f0a9e26c86946567cd91759ee08e0f21ec96c",
        "type": "github"
      },
      "original": {
        "owner": "folke",
        "repo": "drop.nvim",
        "type": "github"
      }
    },
    "home-manager": {
      "inputs": {
        "nixpkgs": [
          "nixpkgs"
        ]
      },
      "locked": {
        "lastModified": 1691312444,
        "narHash": "sha256-J9e9dGwAPTX+UlAn8jehoyaEq6fwK+L+gunfx0cYT4E=",
        "owner": "nix-community",
        "repo": "home-manager",
        "rev": "903e06d734bcae48efb79b9afd51b406d2744179",
        "type": "github"
      },
      "original": {
        "owner": "nix-community",
        "repo": "home-manager",
        "type": "github"
      }
    },
    "hyprland": {
      "inputs": {
        "hyprland-protocols": "hyprland-protocols",
        "nixpkgs": [
          "nixpkgs"
        ],
        "wlroots": "wlroots",
        "xdph": "xdph"
      },
      "locked": {
        "lastModified": 1691347560,
        "narHash": "sha256-j1ECZ/c5I1e9w5VUv3lSvv6ePwsaLkEmF+X2wanefLQ=",
        "owner": "hyprwm",
        "repo": "Hyprland",
        "rev": "6e53c47e68c1d15032b755270568eb5485f2c684",
        "type": "github"
      },
      "original": {
        "owner": "hyprwm",
        "repo": "Hyprland",
        "type": "github"
      }
    },
    "hyprland-protocols": {
      "inputs": {
        "nixpkgs": [
          "hyprland",
          "nixpkgs"
        ]
      },
      "locked": {
        "lastModified": 1684265364,
        "narHash": "sha256-AxNnWbthsuNx73HDQr0eBxrcE3+yfl/WsaXZqUFmkpQ=",
        "owner": "hyprwm",
        "repo": "hyprland-protocols",
        "rev": "8c279b9fb0f2b031427dc5ef4eab53f2ed835530",
        "type": "github"
      },
      "original": {
        "owner": "hyprwm",
        "repo": "hyprland-protocols",
        "type": "github"
      }
    },
    "impermanence": {
      "locked": {
        "lastModified": 1690797372,
        "narHash": "sha256-GImz19e33SeVcIvBB7NnhbJSbTpFFmNtWLh7Z85Y188=",
        "owner": "nix-community",
        "repo": "impermanence",
        "rev": "e3a7acd113903269a1b5c8b527e84ce7ee859851",
        "type": "github"
      },
      "original": {
        "owner": "nix-community",
        "repo": "impermanence",
        "type": "github"
      }
    },
    "nixpkgs": {
      "locked": {
        "lastModified": 1691368598,
        "narHash": "sha256-ia7li22keBBbj02tEdqjVeLtc7ZlSBuhUk+7XTUFr14=",
        "owner": "NixOS",
        "repo": "nixpkgs",
        "rev": "5a8e9243812ba528000995b294292d3b5e120947",
        "type": "github"
      },
      "original": {
        "id": "nixpkgs",
        "ref": "nixos-unstable",
        "type": "indirect"
      }
    },
    "nur": {
      "locked": {
        "lastModified": 1691401529,
        "narHash": "sha256-TpEW+jPiVLKQAtwRAw063qpfW42Uye2K1CyR0CWZxRs=",
        "owner": "nix-community",
        "repo": "NUR",
        "rev": "7c49ab3b6ab71130b3bf45c2f206a31ce39f1cf9",
        "type": "github"
      },
      "original": {
        "owner": "nix-community",
        "repo": "NUR",
        "type": "github"
      }
    },
    "nvim-spider": {
      "flake": false,
      "locked": {
        "lastModified": 1690950340,
        "narHash": "sha256-oRP93+VpDu3Xmt/1t4VkHA5IFBrh7RWwK0qm/JWELKw=",
        "owner": "chrisgrieser",
        "repo": "nvim-spider",
        "rev": "2762267825b575bcd27a50560e1098679f120007",
        "type": "github"
      },
      "original": {
        "owner": "chrisgrieser",
        "repo": "nvim-spider",
        "type": "github"
      }
    },
    "obsidian-nvim": {
      "flake": false,
      "locked": {
        "lastModified": 1691285971,
        "narHash": "sha256-E30ZKkKwkjOIt1fnJ5SFBM5IgDHJl8NfjNtKk3e+180=",
        "owner": "epwalsh",
        "repo": "obsidian.nvim",
        "rev": "f3f347983b9789dc6c0b9b5d8499b839c894b969",
        "type": "github"
      },
      "original": {
        "owner": "epwalsh",
        "repo": "obsidian.nvim",
        "type": "github"
      }
    },
    "porsmo": {
      "flake": false,
      "locked": {
        "lastModified": 1685642559,
        "narHash": "sha256-NOMEfS6RvB9513ZkcQi6cxBuhmALqqcI3onhua2MD+0=",
        "owner": "ColorCookie-dev",
        "repo": "porsmo",
        "rev": "37528c9c4421c5be853a0509812c23ec60c3eca1",
        "type": "github"
      },
      "original": {
        "owner": "ColorCookie-dev",
        "repo": "porsmo",
        "rev": "37528c9c4421c5be853a0509812c23ec60c3eca1",
        "type": "github"
      }
    },
    "root": {
      "inputs": {
        "drop-nvim": "drop-nvim",
        "home-manager": "home-manager",
        "hyprland": "hyprland",
        "impermanence": "impermanence",
        "nixpkgs": "nixpkgs",
        "nur": "nur",
        "nvim-spider": "nvim-spider",
        "obsidian-nvim": "obsidian-nvim",
        "porsmo": "porsmo"
      }
    },
    "wlroots": {
      "flake": false,
      "locked": {
        "host": "gitlab.freedesktop.org",
        "lastModified": 1691073628,
        "narHash": "sha256-LlxE3o3UzRY7APYVLGNKM30DBMcDifCRIQiMVSbYLIc=",
        "owner": "wlroots",
        "repo": "wlroots",
        "rev": "c74f89d4f84bfed0284d3908aee5d207698c70c5",
        "type": "gitlab"
      },
      "original": {
        "host": "gitlab.freedesktop.org",
        "owner": "wlroots",
        "repo": "wlroots",
        "rev": "c74f89d4f84bfed0284d3908aee5d207698c70c5",
        "type": "gitlab"
      }
    },
    "xdph": {
      "inputs": {
        "hyprland-protocols": [
          "hyprland",
          "hyprland-protocols"
        ],
        "nixpkgs": [
          "hyprland",
          "nixpkgs"
        ]
      },
      "locked": {
        "lastModified": 1685385764,
        "narHash": "sha256-r+XMyOoRXq+hlfjayb+fyi9kq2JK48TrwuNIAXqlj7U=",
        "owner": "hyprwm",
        "repo": "xdg-desktop-portal-hyprland",
        "rev": "4d9ff0c17716936e0b5ca577a39e263633901ed1",
        "type": "github"
      },
      "original": {
        "owner": "hyprwm",
        "repo": "xdg-desktop-portal-hyprland",
        "type": "github"
      }
    }
  },
  "root": "root",
  "version": 7
}
