{
  "nodes": {
    "drop-nvim": {
      "flake": false,
      "locked": {
        "lastModified": 1684907256,
        "narHash": "sha256-qDgPbv6Hn6zjUHRHrh4A8c7s2hxbEofN9McgrUGIHlU=",
        "owner": "folke",
        "repo": "drop.nvim",
        "rev": "276f0a9e26c86946567cd91759ee08e0f21ec96c",
        "type": "github"
      },
      "original": {
        "owner": "folke",
        "repo": "drop.nvim",
        "type": "github"
      }
    },
    "home-manager": {
      "inputs": {
        "nixpkgs": [
          "nixpkgs"
        ]
      },
      "locked": {
        "lastModified": 1704498488,
        "narHash": "sha256-yINKdShHrtjdiJhov+q0s3Y3B830ujRoSbHduUNyKag=",
        "owner": "nix-community",
        "repo": "home-manager",
        "rev": "51e44a13acea71b36245e8bd8c7db53e0a3e61ee",
        "type": "github"
      },
      "original": {
        "owner": "nix-community",
        "repo": "home-manager",
        "type": "github"
      }
    },
    "impermanence": {
      "locked": {
        "lastModified": 1703656108,
        "narHash": "sha256-hCSUqdFJKHHbER8Cenf5JRzjMlBjIdwdftGQsO0xoJs=",
        "owner": "nix-community",
        "repo": "impermanence",
        "rev": "033643a45a4a920660ef91caa391fbffb14da466",
        "type": "github"
      },
      "original": {
        "owner": "nix-community",
        "repo": "impermanence",
        "type": "github"
      }
    },
    "nixpkgs": {
      "locked": {
        "lastModified": 1704194953,
        "narHash": "sha256-RtDKd8Mynhe5CFnVT8s0/0yqtWFMM9LmCzXv/YKxnq4=",
        "owner": "NixOS",
        "repo": "nixpkgs",
        "rev": "bd645e8668ec6612439a9ee7e71f7eac4099d4f6",
        "type": "github"
      },
      "original": {
        "id": "nixpkgs",
        "ref": "nixos-unstable",
        "type": "indirect"
      }
    },
    "nur": {
      "locked": {
        "lastModified": 1704570061,
        "narHash": "sha256-HEUWk+V9AxajyQLDsARjEYc+6pQL2krnAMH76x/+qXA=",
        "owner": "nix-community",
        "repo": "NUR",
        "rev": "acdb8f53b881273db6afbf5c41205928701ac1ef",
        "type": "github"
      },
      "original": {
        "owner": "nix-community",
        "repo": "NUR",
        "type": "github"
      }
    },
    "porsmo": {
      "flake": false,
      "locked": {
        "lastModified": 1685642559,
        "narHash": "sha256-NOMEfS6RvB9513ZkcQi6cxBuhmALqqcI3onhua2MD+0=",
        "owner": "ColorCookie-dev",
        "repo": "porsmo",
        "rev": "37528c9c4421c5be853a0509812c23ec60c3eca1",
        "type": "github"
      },
      "original": {
        "owner": "ColorCookie-dev",
        "repo": "porsmo",
        "rev": "37528c9c4421c5be853a0509812c23ec60c3eca1",
        "type": "github"
      }
    },
    "root": {
      "inputs": {
        "drop-nvim": "drop-nvim",
        "home-manager": "home-manager",
        "impermanence": "impermanence",
        "nixpkgs": "nixpkgs",
        "nur": "nur",
        "porsmo": "porsmo",
        "vim-nand2tetris-syntax": "vim-nand2tetris-syntax"
      }
    },
    "vim-nand2tetris-syntax": {
      "flake": false,
      "locked": {
        "lastModified": 1509026020,
        "narHash": "sha256-lua+XdVohOG6lUSP5inHEUpUwlVTP6zsKLJagMnGZYs=",
        "owner": "sevko",
        "repo": "vim-nand2tetris-syntax",
        "rev": "f5d43604fc5f36a533bbf9e0cede09701f6b6c5a",
        "type": "github"
      },
      "original": {
        "owner": "sevko",
        "repo": "vim-nand2tetris-syntax",
        "type": "github"
      }
    }
  },
  "root": "root",
  "version": 7
}
