{
  "nodes": {
    "drop-nvim": {
      "flake": false,
      "locked": {
        "lastModified": 1684907256,
        "narHash": "sha256-qDgPbv6Hn6zjUHRHrh4A8c7s2hxbEofN9McgrUGIHlU=",
        "owner": "folke",
        "repo": "drop.nvim",
        "rev": "276f0a9e26c86946567cd91759ee08e0f21ec96c",
        "type": "github"
      },
      "original": {
        "owner": "folke",
        "repo": "drop.nvim",
        "type": "github"
      }
    },
    "home-manager": {
      "inputs": {
        "nixpkgs": [
          "nixpkgs"
        ]
      },
      "locked": {
        "lastModified": 1705535278,
        "narHash": "sha256-V5+XKfNbiY0bLKLQlH+AXyhHttEL7XcZBH9iSbxxexA=",
        "owner": "nix-community",
        "repo": "home-manager",
        "rev": "b84191db127c16a92cbdf7f7b9969d58bb456699",
        "type": "github"
      },
      "original": {
        "owner": "nix-community",
        "repo": "home-manager",
        "type": "github"
      }
    },
    "impermanence": {
      "locked": {
        "lastModified": 1703656108,
        "narHash": "sha256-hCSUqdFJKHHbER8Cenf5JRzjMlBjIdwdftGQsO0xoJs=",
        "owner": "nix-community",
        "repo": "impermanence",
        "rev": "033643a45a4a920660ef91caa391fbffb14da466",
        "type": "github"
      },
      "original": {
        "owner": "nix-community",
        "repo": "impermanence",
        "type": "github"
      }
    },
    "nixpkgs": {
      "locked": {
        "lastModified": 1705496572,
        "narHash": "sha256-rPIe9G5EBLXdBdn9ilGc0nq082lzQd0xGGe092R/5QE=",
        "owner": "NixOS",
        "repo": "nixpkgs",
        "rev": "842d9d80cfd4560648c785f8a4e6f3b096790e19",
        "type": "github"
      },
      "original": {
        "id": "nixpkgs",
        "ref": "nixos-unstable",
        "type": "indirect"
      }
    },
    "nur": {
      "locked": {
        "lastModified": 1705607056,
        "narHash": "sha256-UTBLGHKCyPcXnVVAry3JazKTPuuQz4uzDZQrie0H8Z4=",
        "owner": "nix-community",
        "repo": "NUR",
        "rev": "d94a031eb1ca4d4aa34eb49b4916f8d0e82dd089",
        "type": "github"
      },
      "original": {
        "owner": "nix-community",
        "repo": "NUR",
        "type": "github"
      }
    },
    "porsmo": {
      "flake": false,
      "locked": {
        "lastModified": 1685642559,
        "narHash": "sha256-NOMEfS6RvB9513ZkcQi6cxBuhmALqqcI3onhua2MD+0=",
        "owner": "ColorCookie-dev",
        "repo": "porsmo",
        "rev": "37528c9c4421c5be853a0509812c23ec60c3eca1",
        "type": "github"
      },
      "original": {
        "owner": "ColorCookie-dev",
        "repo": "porsmo",
        "rev": "37528c9c4421c5be853a0509812c23ec60c3eca1",
        "type": "github"
      }
    },
    "root": {
      "inputs": {
        "drop-nvim": "drop-nvim",
        "home-manager": "home-manager",
        "impermanence": "impermanence",
        "nixpkgs": "nixpkgs",
        "nur": "nur",
        "porsmo": "porsmo",
        "vim-nand2tetris-syntax": "vim-nand2tetris-syntax"
      }
    },
    "vim-nand2tetris-syntax": {
      "flake": false,
      "locked": {
        "lastModified": 1509026020,
        "narHash": "sha256-lua+XdVohOG6lUSP5inHEUpUwlVTP6zsKLJagMnGZYs=",
        "owner": "sevko",
        "repo": "vim-nand2tetris-syntax",
        "rev": "f5d43604fc5f36a533bbf9e0cede09701f6b6c5a",
        "type": "github"
      },
      "original": {
        "owner": "sevko",
        "repo": "vim-nand2tetris-syntax",
        "type": "github"
      }
    }
  },
  "root": "root",
  "version": 7
}
